
Microsoft Visual Studio Solution File, Format Version 12.00
# Visual Studio Version 16
VisualStudioVersion = 16.0.30011.22
MinimumVisualStudioVersion = 10.0.40219.1
Project("{FAE04EC0-301F-11D3-BF4B-00C04F79EFBC}") = "KanbanBoard", "KanbanBoard\KanbanBoard.csproj", "{1150340B-54AC-4377-A3A0-6DF5E38D538B}"
EndProject
Global
	GlobalSection(SolutionConfigurationPlatforms) = preSolution
		Debug|Any CPU = Debug|Any CPU
		Release|Any CPU = Release|Any CPU
	EndGlobalSection
	GlobalSection(ProjectConfigurationPlatforms) = postSolution
		{1150340B-54AC-4377-A3A0-6DF5E38D538B}.Debug|Any CPU.ActiveCfg = Debug|Any CPU
		{1150340B-54AC-4377-A3A0-6DF5E38D538B}.Debug|Any CPU.Build.0 = Debug|Any CPU
		{1150340B-54AC-4377-A3A0-6DF5E38D538B}.Release|Any CPU.ActiveCfg = Release|Any CPU
		{1150340B-54AC-4377-A3A0-6DF5E38D538B}.Release|Any CPU.Build.0 = Release|Any CPU
	EndGlobalSection
	GlobalSection(SolutionProperties) = preSolution
		HideSolutionNode = FALSE
	EndGlobalSection
	GlobalSection(ExtensibilityGlobals) = postSolution
		SolutionGuid = {46F2F2F5-40A7-4587-ABE2-74699AEF63CA}
	EndGlobalSection
EndGlobal
